# This file is generated by running "yarn install" inside your project.
# Manual changes might be lost - proceed with caution!

__metadata:
  version: 6
  cacheKey: 8

"husky@npm:^8.0.0":
  version: 8.0.1
  resolution: "husky@npm:8.0.1"
  bin:
    husky: lib/bin.js
  checksum: 943a73a13d0201318fd30e83d299bb81d866bd245b69e6277804c3b462638dc1921694cb94c2b8c920a4a187060f7d6058d3365152865406352e934c5fff70dc
  languageName: node
  linkType: hard

"pinst@npm:^3.0.0":
  version: 3.0.0
  resolution: "pinst@npm:3.0.0"
  bin:
    pinst: bin.js
  checksum: 4ae48a6a60f79c37071233af51b4d91bfc85cfa3c12b66ccda60cdb642b4d14a4ab0cb3587afc55b1f6192cea1772a5e4822026a0d0d3528296edef00cc2d61f
  languageName: node
  linkType: hard

"streakmark@workspace:.":
  version: 0.0.0-use.local
  resolution: "streakmark@workspace:."
  dependencies:
    husky: ^8.0.0
    pinst: ^3.0.0
  languageName: unknown
  linkType: soft
